
Microsoft Visual Studio Solution File, Format Version 12.00
# Visual Studio 15
VisualStudioVersion = 15.0.28307.757
MinimumVisualStudioVersion = 10.0.40219.1
Project("{FAE04EC0-301F-11D3-BF4B-00C04F79EFBC}") = "VanChi.FMS", "VanChi.FMS\VanChi.FMS.csproj", "{813E9556-1FEA-419D-BA8A-7751A1569631}"
EndProject
Project("{FAE04EC0-301F-11D3-BF4B-00C04F79EFBC}") = "VanChi.Data", "VanChi.Data\VanChi.Data.csproj", "{4C293E3F-9F3D-432D-AB3D-8AD5A06A3DBC}"
EndProject
Project("{2150E333-8FDC-42A3-9474-1A3956D46DE8}") = "1.Data", "1.Data", "{23EE21D2-F2AE-496D-8E37-6A0BF22F5835}"
EndProject
Project("{2150E333-8FDC-42A3-9474-1A3956D46DE8}") = "Services", "Services", "{4CE33F21-A16E-42AB-8786-16D8D7CAFD1B}"
EndProject
Project("{2150E333-8FDC-42A3-9474-1A3956D46DE8}") = "3.Business", "3.Business", "{34E48678-F5D0-4EBC-833E-B03DABACD7B3}"
EndProject
Project("{2150E333-8FDC-42A3-9474-1A3956D46DE8}") = "Presentation", "Presentation", "{D457FE31-7C4F-4FA0-A4AD-D5AD3271F1CA}"
EndProject
Project("{2150E333-8FDC-42A3-9474-1A3956D46DE8}") = "Utilities", "Utilities", "{75D68616-14E0-4A8F-A940-B54481881CC0}"
EndProject
Project("{FAE04EC0-301F-11D3-BF4B-00C04F79EFBC}") = "VanChi.Repository.EF", "VanChi.Repository.EF\VanChi.Repository.EF.csproj", "{CA7B5D9C-345D-410E-B9D6-5F8873FD6E3E}"
EndProject
Project("{FAE04EC0-301F-11D3-BF4B-00C04F79EFBC}") = "VanChi.Repository.Interface", "VanChi.Repository.Interface\VanChi.Repository.Interface.csproj", "{E593EAE6-6D39-4FED-96F3-B5BBDD5F7F72}"
EndProject
Project("{FAE04EC0-301F-11D3-BF4B-00C04F79EFBC}") = "VanChi.Logs", "VanChi.Logs\VanChi.Logs.csproj", "{E9CC3068-9D09-4ED2-9B60-6D82FAAEA198}"
EndProject
Project("{FAE04EC0-301F-11D3-BF4B-00C04F79EFBC}") = "VanChi.Utility", "VanChi.Utility\VanChi.Utility.csproj", "{C9CE25C5-8C81-4D3A-98EE-3A7072E3E9AD}"
EndProject
Project("{FAE04EC0-301F-11D3-BF4B-00C04F79EFBC}") = "VanChi.Business.Common", "VanChi.Business.Common\VanChi.Business.Common.csproj", "{373680FE-82CF-45DC-8A47-D176783440FA}"
EndProject
Project("{FAE04EC0-301F-11D3-BF4B-00C04F79EFBC}") = "VanChi.Business.DTO", "VanChi.Business.DTO\VanChi.Business.DTO.csproj", "{DB1CABAE-CD63-4D75-BF64-97EC67F464EB}"
EndProject
Project("{FAE04EC0-301F-11D3-BF4B-00C04F79EFBC}") = "VanChi.Business.Interface", "VanChi.Business.Interface\VanChi.Business.Interface.csproj", "{7326EFA9-B1CF-432A-BF1E-CEAE11977C79}"
EndProject
Project("{FAE04EC0-301F-11D3-BF4B-00C04F79EFBC}") = "VanChi.Business.Concrete", "VanChi.Business.Concrete\VanChi.Business.Concrete.csproj", "{4488D8C7-4ABD-4ABE-A9D1-E6273C781BBB}"
EndProject
Project("{FAE04EC0-301F-11D3-BF4B-00C04F79EFBC}") = "VanChi.FMS.Web", "VanChi.FMS.Web\VanChi.FMS.Web.csproj", "{6872F3C4-6A20-4A9E-A33F-37AB48D944E3}"
EndProject
Project("{FAE04EC0-301F-11D3-BF4B-00C04F79EFBC}") = "VanChi.FMS.Web.Tests", "VanChi.FMS.Web.Tests\VanChi.FMS.Web.Tests.csproj", "{6E9E8D32-B37C-441E-B935-4AA790225BA3}"
EndProject
Project("{FAE04EC0-301F-11D3-BF4B-00C04F79EFBC}") = "VanChi.FMS.App", "VanChi.FMS.App\VanChi.FMS.App.csproj", "{994C78B0-F090-4597-9174-D02EC76D1ACA}"
EndProject
Global
	GlobalSection(SubversionScc) = preSolution
		Svn-Managed = True
		Manager = AnkhSVN - Subversion Support for Visual Studio
	EndGlobalSection
	GlobalSection(SolutionConfigurationPlatforms) = preSolution
		Debug|Any CPU = Debug|Any CPU
		Release|Any CPU = Release|Any CPU
	EndGlobalSection
	GlobalSection(ProjectConfigurationPlatforms) = postSolution
		{813E9556-1FEA-419D-BA8A-7751A1569631}.Debug|Any CPU.ActiveCfg = Debug|Any CPU
		{813E9556-1FEA-419D-BA8A-7751A1569631}.Debug|Any CPU.Build.0 = Debug|Any CPU
		{813E9556-1FEA-419D-BA8A-7751A1569631}.Release|Any CPU.ActiveCfg = Release|Any CPU
		{813E9556-1FEA-419D-BA8A-7751A1569631}.Release|Any CPU.Build.0 = Release|Any CPU
		{4C293E3F-9F3D-432D-AB3D-8AD5A06A3DBC}.Debug|Any CPU.ActiveCfg = Debug|Any CPU
		{4C293E3F-9F3D-432D-AB3D-8AD5A06A3DBC}.Debug|Any CPU.Build.0 = Debug|Any CPU
		{4C293E3F-9F3D-432D-AB3D-8AD5A06A3DBC}.Release|Any CPU.ActiveCfg = Release|Any CPU
		{4C293E3F-9F3D-432D-AB3D-8AD5A06A3DBC}.Release|Any CPU.Build.0 = Release|Any CPU
		{CA7B5D9C-345D-410E-B9D6-5F8873FD6E3E}.Debug|Any CPU.ActiveCfg = Debug|Any CPU
		{CA7B5D9C-345D-410E-B9D6-5F8873FD6E3E}.Debug|Any CPU.Build.0 = Debug|Any CPU
		{CA7B5D9C-345D-410E-B9D6-5F8873FD6E3E}.Release|Any CPU.ActiveCfg = Release|Any CPU
		{CA7B5D9C-345D-410E-B9D6-5F8873FD6E3E}.Release|Any CPU.Build.0 = Release|Any CPU
		{E593EAE6-6D39-4FED-96F3-B5BBDD5F7F72}.Debug|Any CPU.ActiveCfg = Debug|Any CPU
		{E593EAE6-6D39-4FED-96F3-B5BBDD5F7F72}.Debug|Any CPU.Build.0 = Debug|Any CPU
		{E593EAE6-6D39-4FED-96F3-B5BBDD5F7F72}.Release|Any CPU.ActiveCfg = Release|Any CPU
		{E593EAE6-6D39-4FED-96F3-B5BBDD5F7F72}.Release|Any CPU.Build.0 = Release|Any CPU
		{E9CC3068-9D09-4ED2-9B60-6D82FAAEA198}.Debug|Any CPU.ActiveCfg = Debug|Any CPU
		{E9CC3068-9D09-4ED2-9B60-6D82FAAEA198}.Debug|Any CPU.Build.0 = Debug|Any CPU
		{E9CC3068-9D09-4ED2-9B60-6D82FAAEA198}.Release|Any CPU.ActiveCfg = Release|Any CPU
		{E9CC3068-9D09-4ED2-9B60-6D82FAAEA198}.Release|Any CPU.Build.0 = Release|Any CPU
		{C9CE25C5-8C81-4D3A-98EE-3A7072E3E9AD}.Debug|Any CPU.ActiveCfg = Debug|Any CPU
		{C9CE25C5-8C81-4D3A-98EE-3A7072E3E9AD}.Debug|Any CPU.Build.0 = Debug|Any CPU
		{C9CE25C5-8C81-4D3A-98EE-3A7072E3E9AD}.Release|Any CPU.ActiveCfg = Release|Any CPU
		{C9CE25C5-8C81-4D3A-98EE-3A7072E3E9AD}.Release|Any CPU.Build.0 = Release|Any CPU
		{373680FE-82CF-45DC-8A47-D176783440FA}.Debug|Any CPU.ActiveCfg = Debug|Any CPU
		{373680FE-82CF-45DC-8A47-D176783440FA}.Debug|Any CPU.Build.0 = Debug|Any CPU
		{373680FE-82CF-45DC-8A47-D176783440FA}.Release|Any CPU.ActiveCfg = Release|Any CPU
		{373680FE-82CF-45DC-8A47-D176783440FA}.Release|Any CPU.Build.0 = Release|Any CPU
		{DB1CABAE-CD63-4D75-BF64-97EC67F464EB}.Debug|Any CPU.ActiveCfg = Debug|Any CPU
		{DB1CABAE-CD63-4D75-BF64-97EC67F464EB}.Debug|Any CPU.Build.0 = Debug|Any CPU
		{DB1CABAE-CD63-4D75-BF64-97EC67F464EB}.Release|Any CPU.ActiveCfg = Release|Any CPU
		{DB1CABAE-CD63-4D75-BF64-97EC67F464EB}.Release|Any CPU.Build.0 = Release|Any CPU
		{7326EFA9-B1CF-432A-BF1E-CEAE11977C79}.Debug|Any CPU.ActiveCfg = Debug|Any CPU
		{7326EFA9-B1CF-432A-BF1E-CEAE11977C79}.Debug|Any CPU.Build.0 = Debug|Any CPU
		{7326EFA9-B1CF-432A-BF1E-CEAE11977C79}.Release|Any CPU.ActiveCfg = Release|Any CPU
		{7326EFA9-B1CF-432A-BF1E-CEAE11977C79}.Release|Any CPU.Build.0 = Release|Any CPU
		{4488D8C7-4ABD-4ABE-A9D1-E6273C781BBB}.Debug|Any CPU.ActiveCfg = Debug|Any CPU
		{4488D8C7-4ABD-4ABE-A9D1-E6273C781BBB}.Debug|Any CPU.Build.0 = Debug|Any CPU
		{4488D8C7-4ABD-4ABE-A9D1-E6273C781BBB}.Release|Any CPU.ActiveCfg = Release|Any CPU
		{4488D8C7-4ABD-4ABE-A9D1-E6273C781BBB}.Release|Any CPU.Build.0 = Release|Any CPU
		{6872F3C4-6A20-4A9E-A33F-37AB48D944E3}.Debug|Any CPU.ActiveCfg = Debug|Any CPU
		{6872F3C4-6A20-4A9E-A33F-37AB48D944E3}.Debug|Any CPU.Build.0 = Debug|Any CPU
		{6872F3C4-6A20-4A9E-A33F-37AB48D944E3}.Release|Any CPU.ActiveCfg = Release|Any CPU
		{6872F3C4-6A20-4A9E-A33F-37AB48D944E3}.Release|Any CPU.Build.0 = Release|Any CPU
		{6E9E8D32-B37C-441E-B935-4AA790225BA3}.Debug|Any CPU.ActiveCfg = Debug|Any CPU
		{6E9E8D32-B37C-441E-B935-4AA790225BA3}.Debug|Any CPU.Build.0 = Debug|Any CPU
		{6E9E8D32-B37C-441E-B935-4AA790225BA3}.Release|Any CPU.ActiveCfg = Release|Any CPU
		{6E9E8D32-B37C-441E-B935-4AA790225BA3}.Release|Any CPU.Build.0 = Release|Any CPU
		{994C78B0-F090-4597-9174-D02EC76D1ACA}.Debug|Any CPU.ActiveCfg = Debug|Any CPU
		{994C78B0-F090-4597-9174-D02EC76D1ACA}.Debug|Any CPU.Build.0 = Debug|Any CPU
		{994C78B0-F090-4597-9174-D02EC76D1ACA}.Release|Any CPU.ActiveCfg = Release|Any CPU
		{994C78B0-F090-4597-9174-D02EC76D1ACA}.Release|Any CPU.Build.0 = Release|Any CPU
	EndGlobalSection
	GlobalSection(SolutionProperties) = preSolution
		HideSolutionNode = FALSE
	EndGlobalSection
	GlobalSection(NestedProjects) = preSolution
		{4C293E3F-9F3D-432D-AB3D-8AD5A06A3DBC} = {23EE21D2-F2AE-496D-8E37-6A0BF22F5835}
		{CA7B5D9C-345D-410E-B9D6-5F8873FD6E3E} = {23EE21D2-F2AE-496D-8E37-6A0BF22F5835}
		{E593EAE6-6D39-4FED-96F3-B5BBDD5F7F72} = {23EE21D2-F2AE-496D-8E37-6A0BF22F5835}
		{E9CC3068-9D09-4ED2-9B60-6D82FAAEA198} = {75D68616-14E0-4A8F-A940-B54481881CC0}
		{C9CE25C5-8C81-4D3A-98EE-3A7072E3E9AD} = {75D68616-14E0-4A8F-A940-B54481881CC0}
		{373680FE-82CF-45DC-8A47-D176783440FA} = {34E48678-F5D0-4EBC-833E-B03DABACD7B3}
		{DB1CABAE-CD63-4D75-BF64-97EC67F464EB} = {34E48678-F5D0-4EBC-833E-B03DABACD7B3}
		{7326EFA9-B1CF-432A-BF1E-CEAE11977C79} = {34E48678-F5D0-4EBC-833E-B03DABACD7B3}
		{4488D8C7-4ABD-4ABE-A9D1-E6273C781BBB} = {34E48678-F5D0-4EBC-833E-B03DABACD7B3}
		{6872F3C4-6A20-4A9E-A33F-37AB48D944E3} = {D457FE31-7C4F-4FA0-A4AD-D5AD3271F1CA}
		{6E9E8D32-B37C-441E-B935-4AA790225BA3} = {D457FE31-7C4F-4FA0-A4AD-D5AD3271F1CA}
		{994C78B0-F090-4597-9174-D02EC76D1ACA} = {D457FE31-7C4F-4FA0-A4AD-D5AD3271F1CA}
	EndGlobalSection
	GlobalSection(ExtensibilityGlobals) = postSolution
		SolutionGuid = {D5277E20-EC32-4A60-8537-F06190BCE834}
	EndGlobalSection
EndGlobal
